
Microsoft Visual Studio Solution File, Format Version 12.00
# Visual Studio Version 16
VisualStudioVersion = 16.0.31205.134
MinimumVisualStudioVersion = 10.0.40219.1
Project("{FAE04EC0-301F-11D3-BF4B-00C04F79EFBC}") = "Lab1_POP", "Lab1_POP\Lab1_POP.csproj", "{73DACE29-C215-4B60-98A9-293BB1605AF2}"
EndProject
Global
	GlobalSection(SolutionConfigurationPlatforms) = preSolution
		Debug|Any CPU = Debug|Any CPU
		Release|Any CPU = Release|Any CPU
	EndGlobalSection
	GlobalSection(ProjectConfigurationPlatforms) = postSolution
		{73DACE29-C215-4B60-98A9-293BB1605AF2}.Debug|Any CPU.ActiveCfg = Debug|Any CPU
		{73DACE29-C215-4B60-98A9-293BB1605AF2}.Debug|Any CPU.Build.0 = Debug|Any CPU
		{73DACE29-C215-4B60-98A9-293BB1605AF2}.Release|Any CPU.ActiveCfg = Release|Any CPU
		{73DACE29-C215-4B60-98A9-293BB1605AF2}.Release|Any CPU.Build.0 = Release|Any CPU
	EndGlobalSection
	GlobalSection(SolutionProperties) = preSolution
		HideSolutionNode = FALSE
	EndGlobalSection
	GlobalSection(ExtensibilityGlobals) = postSolution
		SolutionGuid = {AF50D34D-1455-4744-AD9A-44129377B56E}
	EndGlobalSection
EndGlobal
